
Microsoft Visual Studio Solution File, Format Version 12.00
# Visual Studio Version 17
VisualStudioVersion = 17.3.32929.385
MinimumVisualStudioVersion = 10.0.40219.1
Project("{FAE04EC0-301F-11D3-BF4B-00C04F79EFBC}") = "back-end", "back-end.csproj", "{770A1310-398B-441B-AB07-639C7A6B7EC9}"
EndProject
Global
	GlobalSection(SolutionConfigurationPlatforms) = preSolution
		Debug|Any CPU = Debug|Any CPU
		Release|Any CPU = Release|Any CPU
	EndGlobalSection
	GlobalSection(ProjectConfigurationPlatforms) = postSolution
		{770A1310-398B-441B-AB07-639C7A6B7EC9}.Debug|Any CPU.ActiveCfg = Debug|Any CPU
		{770A1310-398B-441B-AB07-639C7A6B7EC9}.Debug|Any CPU.Build.0 = Debug|Any CPU
		{770A1310-398B-441B-AB07-639C7A6B7EC9}.Release|Any CPU.ActiveCfg = Release|Any CPU
		{770A1310-398B-441B-AB07-639C7A6B7EC9}.Release|Any CPU.Build.0 = Release|Any CPU
	EndGlobalSection
	GlobalSection(SolutionProperties) = preSolution
		HideSolutionNode = FALSE
	EndGlobalSection
	GlobalSection(ExtensibilityGlobals) = postSolution
		SolutionGuid = {0B912232-723C-49A3-91FB-A9C38B060DB1}
	EndGlobalSection
EndGlobal
